
Microsoft Visual Studio Solution File, Format Version 12.00
# Visual Studio Version 17
VisualStudioVersion = 17.1.32407.343
MinimumVisualStudioVersion = 10.0.40219.1
Project("{8BC9CEB8-8B4A-11D0-8D11-00A0C91BC942}") = "OpenGLFuckAroudn", "OpenGLFuckAroudn\OpenGLFuckAroudn.vcxproj", "{FF76940F-A4D9-438B-A5D2-735910D3E75F}"
EndProject
Global
	GlobalSection(SolutionConfigurationPlatforms) = preSolution
		Debug|x64 = Debug|x64
		Debug|x86 = Debug|x86
		Release|x64 = Release|x64
		Release|x86 = Release|x86
	EndGlobalSection
	GlobalSection(ProjectConfigurationPlatforms) = postSolution
		{FF76940F-A4D9-438B-A5D2-735910D3E75F}.Debug|x64.ActiveCfg = Debug|x64
		{FF76940F-A4D9-438B-A5D2-735910D3E75F}.Debug|x64.Build.0 = Debug|x64
		{FF76940F-A4D9-438B-A5D2-735910D3E75F}.Debug|x86.ActiveCfg = Debug|Win32
		{FF76940F-A4D9-438B-A5D2-735910D3E75F}.Debug|x86.Build.0 = Debug|Win32
		{FF76940F-A4D9-438B-A5D2-735910D3E75F}.Release|x64.ActiveCfg = Release|x64
		{FF76940F-A4D9-438B-A5D2-735910D3E75F}.Release|x64.Build.0 = Release|x64
		{FF76940F-A4D9-438B-A5D2-735910D3E75F}.Release|x86.ActiveCfg = Release|Win32
		{FF76940F-A4D9-438B-A5D2-735910D3E75F}.Release|x86.Build.0 = Release|Win32
	EndGlobalSection
	GlobalSection(SolutionProperties) = preSolution
		HideSolutionNode = FALSE
	EndGlobalSection
	GlobalSection(ExtensibilityGlobals) = postSolution
		SolutionGuid = {FC2DAAC5-6A55-44FC-A9F7-31205500C9A1}
	EndGlobalSection
EndGlobal
